
Microsoft Visual Studio Solution File, Format Version 12.00
# Visual Studio Version 17
VisualStudioVersion = 17.0.31825.309
MinimumVisualStudioVersion = 10.0.40219.1
Project("{9A19103F-16F7-4668-BE54-9A1E7A4F7556}") = "Generator.Attributes", "src\Generator.Attributes\Generator.Attributes.csproj", "{7EEACDE3-3CED-408E-9F47-21B5336F9FFF}"
EndProject
Project("{9A19103F-16F7-4668-BE54-9A1E7A4F7556}") = "Generator", "src\Generator\Generator.csproj", "{5066A594-1B6B-4636-A226-402677C8639C}"
EndProject
Project("{9A19103F-16F7-4668-BE54-9A1E7A4F7556}") = "Generator.Test", "src\Generator.Test\Generator.Test.csproj", "{1DF9453E-B9EC-441C-806A-78C128964696}"
EndProject
Project("{2150E333-8FDC-42A3-9474-1A3956D46DE8}") = "Solution Items", "Solution Items", "{CE00A488-2B84-4406-A55F-BEC73DC66B50}"
	ProjectSection(SolutionItems) = preProject
		README.md = README.md
	EndProjectSection
EndProject
Global
	GlobalSection(SolutionConfigurationPlatforms) = preSolution
		Debug|Any CPU = Debug|Any CPU
		Release|Any CPU = Release|Any CPU
	EndGlobalSection
	GlobalSection(ProjectConfigurationPlatforms) = postSolution
		{7EEACDE3-3CED-408E-9F47-21B5336F9FFF}.Debug|Any CPU.ActiveCfg = Debug|Any CPU
		{7EEACDE3-3CED-408E-9F47-21B5336F9FFF}.Debug|Any CPU.Build.0 = Debug|Any CPU
		{7EEACDE3-3CED-408E-9F47-21B5336F9FFF}.Release|Any CPU.ActiveCfg = Release|Any CPU
		{7EEACDE3-3CED-408E-9F47-21B5336F9FFF}.Release|Any CPU.Build.0 = Release|Any CPU
		{5066A594-1B6B-4636-A226-402677C8639C}.Debug|Any CPU.ActiveCfg = Debug|Any CPU
		{5066A594-1B6B-4636-A226-402677C8639C}.Debug|Any CPU.Build.0 = Debug|Any CPU
		{5066A594-1B6B-4636-A226-402677C8639C}.Release|Any CPU.ActiveCfg = Release|Any CPU
		{5066A594-1B6B-4636-A226-402677C8639C}.Release|Any CPU.Build.0 = Release|Any CPU
		{1DF9453E-B9EC-441C-806A-78C128964696}.Debug|Any CPU.ActiveCfg = Debug|Any CPU
		{1DF9453E-B9EC-441C-806A-78C128964696}.Debug|Any CPU.Build.0 = Debug|Any CPU
		{1DF9453E-B9EC-441C-806A-78C128964696}.Release|Any CPU.ActiveCfg = Release|Any CPU
		{1DF9453E-B9EC-441C-806A-78C128964696}.Release|Any CPU.Build.0 = Release|Any CPU
	EndGlobalSection
	GlobalSection(SolutionProperties) = preSolution
		HideSolutionNode = FALSE
	EndGlobalSection
	GlobalSection(ExtensibilityGlobals) = postSolution
		SolutionGuid = {7ABF14C4-1C03-4126-A461-0CA4AE7B3050}
	EndGlobalSection
EndGlobal
